
Microsoft Visual Studio Solution File, Format Version 12.00
# Visual Studio Version 17
VisualStudioVersion = 17.11.35312.102
MinimumVisualStudioVersion = 10.0.40219.1
Project("{9A19103F-16F7-4668-BE54-9A1E7A4F7556}") = "OCP", "OCP\OCP.csproj", "{107E7D4B-ADAE-4305-8879-1D27530560CA}"
EndProject
Project("{9A19103F-16F7-4668-BE54-9A1E7A4F7556}") = "LSP", "LSP\LSP.csproj", "{1AEA5918-6B13-406A-8122-79858A84A248}"
EndProject
Project("{9A19103F-16F7-4668-BE54-9A1E7A4F7556}") = "ISP", "ISP\ISP.csproj", "{6BAF3112-D433-4DE3-A179-1AF125D814EA}"
EndProject
Project("{9A19103F-16F7-4668-BE54-9A1E7A4F7556}") = "DIP", "DIP\DIP.csproj", "{76C029E2-0A47-42D1-B826-0320EE9ABCD4}"
EndProject
Project("{9A19103F-16F7-4668-BE54-9A1E7A4F7556}") = "SRP", "SRP\SRP.csproj", "{B5B94495-E1F4-42C7-8EA2-92A1CE85994B}"
EndProject
Global
	GlobalSection(SolutionConfigurationPlatforms) = preSolution
		Debug|Any CPU = Debug|Any CPU
		Release|Any CPU = Release|Any CPU
	EndGlobalSection
	GlobalSection(ProjectConfigurationPlatforms) = postSolution
		{107E7D4B-ADAE-4305-8879-1D27530560CA}.Debug|Any CPU.ActiveCfg = Debug|Any CPU
		{107E7D4B-ADAE-4305-8879-1D27530560CA}.Debug|Any CPU.Build.0 = Debug|Any CPU
		{107E7D4B-ADAE-4305-8879-1D27530560CA}.Release|Any CPU.ActiveCfg = Release|Any CPU
		{107E7D4B-ADAE-4305-8879-1D27530560CA}.Release|Any CPU.Build.0 = Release|Any CPU
		{1AEA5918-6B13-406A-8122-79858A84A248}.Debug|Any CPU.ActiveCfg = Debug|Any CPU
		{1AEA5918-6B13-406A-8122-79858A84A248}.Debug|Any CPU.Build.0 = Debug|Any CPU
		{1AEA5918-6B13-406A-8122-79858A84A248}.Release|Any CPU.ActiveCfg = Release|Any CPU
		{1AEA5918-6B13-406A-8122-79858A84A248}.Release|Any CPU.Build.0 = Release|Any CPU
		{6BAF3112-D433-4DE3-A179-1AF125D814EA}.Debug|Any CPU.ActiveCfg = Debug|Any CPU
		{6BAF3112-D433-4DE3-A179-1AF125D814EA}.Debug|Any CPU.Build.0 = Debug|Any CPU
		{6BAF3112-D433-4DE3-A179-1AF125D814EA}.Release|Any CPU.ActiveCfg = Release|Any CPU
		{6BAF3112-D433-4DE3-A179-1AF125D814EA}.Release|Any CPU.Build.0 = Release|Any CPU
		{76C029E2-0A47-42D1-B826-0320EE9ABCD4}.Debug|Any CPU.ActiveCfg = Debug|Any CPU
		{76C029E2-0A47-42D1-B826-0320EE9ABCD4}.Debug|Any CPU.Build.0 = Debug|Any CPU
		{76C029E2-0A47-42D1-B826-0320EE9ABCD4}.Release|Any CPU.ActiveCfg = Release|Any CPU
		{76C029E2-0A47-42D1-B826-0320EE9ABCD4}.Release|Any CPU.Build.0 = Release|Any CPU
		{B5B94495-E1F4-42C7-8EA2-92A1CE85994B}.Debug|Any CPU.ActiveCfg = Debug|Any CPU
		{B5B94495-E1F4-42C7-8EA2-92A1CE85994B}.Debug|Any CPU.Build.0 = Debug|Any CPU
		{B5B94495-E1F4-42C7-8EA2-92A1CE85994B}.Release|Any CPU.ActiveCfg = Release|Any CPU
		{B5B94495-E1F4-42C7-8EA2-92A1CE85994B}.Release|Any CPU.Build.0 = Release|Any CPU
	EndGlobalSection
	GlobalSection(SolutionProperties) = preSolution
		HideSolutionNode = FALSE
	EndGlobalSection
	GlobalSection(ExtensibilityGlobals) = postSolution
		SolutionGuid = {94A12DFD-3B3E-44C1-A7CF-93045BDF2454}
	EndGlobalSection
EndGlobal
